
Microsoft Visual Studio Solution File, Format Version 12.00
# Visual Studio Version 16
VisualStudioVersion = 16.0.30128.74
MinimumVisualStudioVersion = 10.0.40219.1
Project("{FAE04EC0-301F-11D3-BF4B-00C04F79EFBC}") = "PromoFinal_CarmellWasserman", "PromoFinal_CarmellWasserman.csproj", "{46CB300D-316A-4211-AA66-AAB660507C36}"
EndProject
Global
	GlobalSection(SolutionConfigurationPlatforms) = preSolution
		Debug|Any CPU = Debug|Any CPU
		Release|Any CPU = Release|Any CPU
	EndGlobalSection
	GlobalSection(ProjectConfigurationPlatforms) = postSolution
		{46CB300D-316A-4211-AA66-AAB660507C36}.Debug|Any CPU.ActiveCfg = Debug|Any CPU
		{46CB300D-316A-4211-AA66-AAB660507C36}.Debug|Any CPU.Build.0 = Debug|Any CPU
		{46CB300D-316A-4211-AA66-AAB660507C36}.Release|Any CPU.ActiveCfg = Release|Any CPU
		{46CB300D-316A-4211-AA66-AAB660507C36}.Release|Any CPU.Build.0 = Release|Any CPU
	EndGlobalSection
	GlobalSection(SolutionProperties) = preSolution
		HideSolutionNode = FALSE
	EndGlobalSection
	GlobalSection(ExtensibilityGlobals) = postSolution
		SolutionGuid = {E8EB52A6-3AC3-4A71-86D7-FC7368C3A306}
	EndGlobalSection
EndGlobal
